
Microsoft Visual Studio Solution File, Format Version 12.00
# Visual Studio 2017
Project("{FAE04EC0-301F-11D3-BF4B-00C04F79EFBC}") = "Igrica", "Igrica.csproj", "{50E73028-BCC1-D6DE-D9E1-2781DC7AD099}"
EndProject
Global
	GlobalSection(SolutionConfigurationPlatforms) = preSolution
		Debug|Any CPU = Debug|Any CPU
		Release|Any CPU = Release|Any CPU
	EndGlobalSection
	GlobalSection(ProjectConfigurationPlatforms) = postSolution
		{50E73028-BCC1-D6DE-D9E1-2781DC7AD099}.Debug|Any CPU.ActiveCfg = Debug|Any CPU
		{50E73028-BCC1-D6DE-D9E1-2781DC7AD099}.Debug|Any CPU.Build.0 = Debug|Any CPU
		{50E73028-BCC1-D6DE-D9E1-2781DC7AD099}.Release|Any CPU.ActiveCfg = Release|Any CPU
		{50E73028-BCC1-D6DE-D9E1-2781DC7AD099}.Release|Any CPU.Build.0 = Release|Any CPU
	EndGlobalSection
	GlobalSection(SolutionProperties) = preSolution
		HideSolutionNode = FALSE
	EndGlobalSection
EndGlobal
